// !$*UTF8*$!
{
	archiveVersion = 1;
	classes = {
	};
	objectVersion = 50;
	objects = {

/* Begin PBXBuildFile section */
		72C4AA9526BEDC0A004F3DE3 /* AppDelegate.swift in Sources */ = {isa = PBXBuildFile; fileRef = 72C4AA9426BEDC0A004F3DE3 /* AppDelegate.swift */; };
		72C4AA9726BEDC0A004F3DE3 /* SceneDelegate.swift in Sources */ = {isa = PBXBuildFile; fileRef = 72C4AA9626BEDC0A004F3DE3 /* SceneDelegate.swift */; };
		72C4AA9926BEDC0A004F3DE3 /* ViewController.swift in Sources */ = {isa = PBXBuildFile; fileRef = 72C4AA9826BEDC0A004F3DE3 /* ViewController.swift */; };
		72C4AA9C26BEDC0A004F3DE3 /* Main.storyboard in Resources */ = {isa = PBXBuildFile; fileRef = 72C4AA9A26BEDC0A004F3DE3 /* Main.storyboard */; };
		72C4AA9E26BEDC0A004F3DE3 /* Assets.xcassets in Resources */ = {isa = PBXBuildFile; fileRef = 72C4AA9D26BEDC0A004F3DE3 /* Assets.xcassets */; };
		72C4AAA126BEDC0A004F3DE3 /* LaunchScreen.storyboard in Resources */ = {isa = PBXBuildFile; fileRef = 72C4AA9F26BEDC0A004F3DE3 /* LaunchScreen.storyboard */; };
		72C4AAA926BEDC79004F3DE3 /* alarm_sound.mp3 in Resources */ = {isa = PBXBuildFile; fileRef = 72C4AAA826BEDC79004F3DE3 /* alarm_sound.mp3 */; };
/* End PBXBuildFile section */

/* Begin PBXFileReference section */
		72C4AA9126BEDC0A004F3DE3 /* Boiled_Egg_Timer.app */ = {isa = PBXFileReference; explicitFileType = wrapper.application; includeInIndex = 0; path = Boiled_Egg_Timer.app; sourceTree = BUILT_PRODUCTS_DIR; };
		72C4AA9426BEDC0A004F3DE3 /* AppDelegate.swift */ = {isa = PBXFileReference; lastKnownFileType = sourcecode.swift; path = AppDelegate.swift; sourceTree = "<group>"; };
		72C4AA9626BEDC0A004F3DE3 /* SceneDelegate.swift */ = {isa = PBXFileReference; lastKnownFileType = sourcecode.swift; path = SceneDelegate.swift; sourceTree = "<group>"; };
		72C4AA9826BEDC0A004F3DE3 /* ViewController.swift */ = {isa = PBXFileReference; lastKnownFileType = sourcecode.swift; path = ViewController.swift; sourceTree = "<group>"; };
		72C4AA9B26BEDC0A004F3DE3 /* Base */ = {isa = PBXFileReference; lastKnownFileType = file.storyboard; name = Base; path = Base.lproj/Main.storyboard; sourceTree = "<group>"; };
		72C4AA9D26BEDC0A004F3DE3 /* Assets.xcassets */ = {isa = PBXFileReference; lastKnownFileType = folder.assetcatalog; path = Assets.xcassets; sourceTree = "<group>"; };
		72C4AAA026BEDC0A004F3DE3 /* Base */ = {isa = PBXFileReference; lastKnownFileType = file.storyboard; name = Base; path = Base.lproj/LaunchScreen.storyboard; sourceTree = "<group>"; };
		72C4AAA226BEDC0A004F3DE3 /* Info.plist */ = {isa = PBXFileReference; lastKnownFileType = text.plist.xml; path = Info.plist; sourceTree = "<group>"; };
		72C4AAA826BEDC79004F3DE3 /* alarm_sound.mp3 */ = {isa = PBXFileReference; lastKnownFileType = audio.mp3; path = alarm_sound.mp3; sourceTree = "<group>"; };
/* End PBXFileReference section */

/* Begin PBXFrameworksBuildPhase section */
		72C4AA8E26BEDC09004F3DE3 /* Frameworks */ = {
			isa = PBXFrameworksBuildPhase;
			buildActionMask = 2147483647;
			files = (
			);
			runOnlyForDeploymentPostprocessing = 0;
		};
/* End PBXFrameworksBuildPhase section */

/* Begin PBXGroup section */
		72C4AA8826BEDC09004F3DE3 = {
			isa = PBXGroup;
			children = (
				72C4AA9326BEDC0A004F3DE3 /* Boiled_Egg_Timer */,
				72C4AA9226BEDC0A004F3DE3 /* Products */,
			);
			sourceTree = "<group>";
		};
		72C4AA9226BEDC0A004F3DE3 /* Products */ = {
			isa = PBXGroup;
			children = (
				72C4AA9126BEDC0A004F3DE3 /* Boiled_Egg_Timer.app */,
			);
			name = Products;
			sourceTree = "<group>";
		};
		72C4AA9326BEDC0A004F3DE3 /* Boiled_Egg_Timer */ = {
			isa = PBXGroup;
			children = (
				72C4AA9426BEDC0A004F3DE3 /* AppDelegate.swift */,
				72C4AA9626BEDC0A004F3DE3 /* SceneDelegate.swift */,
				72C4AA9826BEDC0A004F3DE3 /* ViewController.swift */,
				72C4AA9A26BEDC0A004F3DE3 /* Main.storyboard */,
				72C4AA9D26BEDC0A004F3DE3 /* Assets.xcassets */,
				72C4AA9F26BEDC0A004F3DE3 /* LaunchScreen.storyboard */,
				72C4AAA826BEDC79004F3DE3 /* alarm_sound.mp3 */,
				72C4AAA226BEDC0A004F3DE3 /* Info.plist */,
			);
			path = Boiled_Egg_Timer;
			sourceTree = "<group>";
		};
/* End PBXGroup section */

/* Begin PBXNativeTarget section */
		72C4AA9026BEDC09004F3DE3 /* Boiled_Egg_Timer */ = {
			isa = PBXNativeTarget;
			buildConfigurationList = 72C4AAA526BEDC0A004F3DE3 /* Build configuration list for PBXNativeTarget "Boiled_Egg_Timer" */;
			buildPhases = (
				72C4AA8D26BEDC09004F3DE3 /* Sources */,
				72C4AA8E26BEDC09004F3DE3 /* Frameworks */,
				72C4AA8F26BEDC09004F3DE3 /* Resources */,
			);
			buildRules = (
			);
			dependencies = (
			);
			name = Boiled_Egg_Timer;
			productName = Boiled_Egg_Timer;
			productReference = 72C4AA9126BEDC0A004F3DE3 /* Boiled_Egg_Timer.app */;
			productType = "com.apple.product-type.application";
		};
/* End PBXNativeTarget section */

/* Begin PBXProject section */
		72C4AA8926BEDC09004F3DE3 /* Project object */ = {
			isa = PBXProject;
			attributes = {
				LastSwiftUpdateCheck = 1250;
				LastUpgradeCheck = 1250;
				TargetAttributes = {
					72C4AA9026BEDC09004F3DE3 = {
						CreatedOnToolsVersion = 12.5.1;
					};
				};
			};
			buildConfigurationList = 72C4AA8C26BEDC09004F3DE3 /* Build configuration list for PBXProject "Boiled_Egg_Timer" */;
			compatibilityVersion = "Xcode 9.3";
			developmentRegion = en;
			hasScannedForEncodings = 0;
			knownRegions = (
				en,
				Base,
			);
			mainGroup = 72C4AA8826BEDC09004F3DE3;
			productRefGroup = 72C4AA9226BEDC0A004F3DE3 /* Products */;
			projectDirPath = "";
			projectRoot = "";
			targets = (
				72C4AA9026BEDC09004F3DE3 /* Boiled_Egg_Timer */,
			);
		};
/* End PBXProject section */

/* Begin PBXResourcesBuildPhase section */
		72C4AA8F26BEDC09004F3DE3 /* Resources */ = {
			isa = PBXResourcesBuildPhase;
			buildActionMask = 2147483647;
			files = (
				72C4AAA126BEDC0A004F3DE3 /* LaunchScreen.storyboard in Resources */,
				72C4AA9E26BEDC0A004F3DE3 /* Assets.xcassets in Resources */,
				72C4AAA926BEDC79004F3DE3 /* alarm_sound.mp3 in Resources */,
				72C4AA9C26BEDC0A004F3DE3 /* Main.storyboard in Resources */,
			);
			runOnlyForDeploymentPostprocessing = 0;
		};
/* End PBXResourcesBuildPhase section */

/* Begin PBXSourcesBuildPhase section */
		72C4AA8D26BEDC09004F3DE3 /* Sources */ = {
			isa = PBXSourcesBuildPhase;
			buildActionMask = 2147483647;
			files = (
				72C4AA9926BEDC0A004F3DE3 /* ViewController.swift in Sources */,
				72C4AA9526BEDC0A004F3DE3 /* AppDelegate.swift in Sources */,
				72C4AA9726BEDC0A004F3DE3 /* SceneDelegate.swift in Sources */,
			);
			runOnlyForDeploymentPostprocessing = 0;
		};
/* End PBXSourcesBuildPhase section */

/* Begin PBXVariantGroup section */
		72C4AA9A26BEDC0A004F3DE3 /* Main.storyboard */ = {
			isa = PBXVariantGroup;
			children = (
				72C4AA9B26BEDC0A004F3DE3 /* Base */,
			);
			name = Main.storyboard;
			sourceTree = "<group>";
		};
		72C4AA9F26BEDC0A004F3DE3 /* LaunchScreen.storyboard */ = {
			isa = PBXVariantGroup;
			children = (
				72C4AAA026BEDC0A004F3DE3 /* Base */,
			);
			name = LaunchScreen.storyboard;
			sourceTree = "<group>";
		};
/* End PBXVariantGroup section */

/* Begin XCBuildConfiguration section */
		72C4AAA326BEDC0A004F3DE3 /* Debug */ = {
			isa = XCBuildConfiguration;
			buildSettings = {
				ALWAYS_SEARCH_USER_PATHS = NO;
				CLANG_ANALYZER_NONNULL = YES;
				CLANG_ANALYZER_NUMBER_OBJECT_CONVERSION = YES_AGGRESSIVE;
				CLANG_CXX_LANGUAGE_STANDARD = "gnu++14";
				CLANG_CXX_LIBRARY = "libc++";
				CLANG_ENABLE_MODULES = YES;
				CLANG_ENABLE_OBJC_ARC = YES;
				CLANG_ENABLE_OBJC_WEAK = YES;
				CLANG_WARN_BLOCK_CAPTURE_AUTORELEASING = YES;
				CLANG_WARN_BOOL_CONVERSION = YES;
				CLANG_WARN_COMMA = YES;
				CLANG_WARN_CONSTANT_CONVERSION = YES;
				CLANG_WARN_DEPRECATED_OBJC_IMPLEMENTATIONS = YES;
				CLANG_WARN_DIRECT_OBJC_ISA_USAGE = YES_ERROR;
				CLANG_WARN_DOCUMENTATION_COMMENTS = YES;
				CLANG_WARN_EMPTY_BODY = YES;
				CLANG_WARN_ENUM_CONVERSION = YES;
				CLANG_WARN_INFINITE_RECURSION = YES;
				CLANG_WARN_INT_CONVERSION = YES;
				CLANG_WARN_NON_LITERAL_NULL_CONVERSION = YES;
				CLANG_WARN_OBJC_IMPLICIT_RETAIN_SELF = YES;
				CLANG_WARN_OBJC_LITERAL_CONVERSION = YES;
				CLANG_WARN_OBJC_ROOT_CLASS = YES_ERROR;
				CLANG_WARN_QUOTED_INCLUDE_IN_FRAMEWORK_HEADER = YES;
				CLANG_WARN_RANGE_LOOP_ANALYSIS = YES;
				CLANG_WARN_STRICT_PROTOTYPES = YES;
				CLANG_WARN_SUSPICIOUS_MOVE = YES;
				CLANG_WARN_UNGUARDED_AVAILABILITY = YES_AGGRESSIVE;
				CLANG_WARN_UNREACHABLE_CODE = YES;
				CLANG_WARN__DUPLICATE_METHOD_MATCH = YES;
				COPY_PHASE_STRIP = NO;
				DEBUG_INFORMATION_FORMAT = dwarf;
				ENABLE_STRICT_OBJC_MSGSEND = YES;
				ENABLE_TESTABILITY = YES;
				GCC_C_LANGUAGE_STANDARD = gnu11;
				GCC_DYNAMIC_NO_PIC = NO;
				GCC_NO_COMMON_BLOCKS = YES;
				GCC_OPTIMIZATION_LEVEL = 0;
				GCC_PREPROCESSOR_DEFINITIONS = (
					"DEBUG=1",
					"$(inherited)",
				);
				GCC_WARN_64_TO_32_BIT_CONVERSION = YES;
				GCC_WARN_ABOUT_RETURN_TYPE = YES_ERROR;
				GCC_WARN_UNDECLARED_SELECTOR = YES;
				GCC_WARN_UNINITIALIZED_AUTOS = YES_AGGRESSIVE;
				GCC_WARN_UNUSED_FUNCTION = YES;
				GCC_WARN_UNUSED_VARIABLE = YES;
				IPHONEOS_DEPLOYMENT_TARGET = 14.5;
				MTL_ENABLE_DEBUG_INFO = INCLUDE_SOURCE;
				MTL_FAST_MATH = YES;
				ONLY_ACTIVE_ARCH = YES;
				SDKROOT = iphoneos;
				SWIFT_ACTIVE_COMPILATION_CONDITIONS = DEBUG;
				SWIFT_OPTIMIZATION_LEVEL = "-Onone";
			};
			name = Debug;
		};
		72C4AAA426BEDC0A004F3DE3 /* Release */ = {
			isa = XCBuildConfiguration;
			buildSettings = {
				ALWAYS_SEARCH_USER_PATHS = NO;
				CLANG_ANALYZER_NONNULL = YES;
				CLANG_ANALYZER_NUMBER_OBJECT_CONVERSION = YES_AGGRESSIVE;
				CLANG_CXX_LANGUAGE_STANDARD = "gnu++14";
				CLANG_CXX_LIBRARY = "libc++";
				CLANG_ENABLE_MODULES = YES;
				CLANG_ENABLE_OBJC_ARC = YES;
				CLANG_ENABLE_OBJC_WEAK = YES;
				CLANG_WARN_BLOCK_CAPTURE_AUTORELEASING = YES;
				CLANG_WARN_BOOL_CONVERSION = YES;
				CLANG_WARN_COMMA = YES;
				CLANG_WARN_CONSTANT_CONVERSION = YES;
				CLANG_WARN_DEPRECATED_OBJC_IMPLEMENTATIONS = YES;
				CLANG_WARN_DIRECT_OBJC_ISA_USAGE = YES_ERROR;
				CLANG_WARN_DOCUMENTATION_COMMENTS = YES;
				CLANG_WARN_EMPTY_BODY = YES;
				CLANG_WARN_ENUM_CONVERSION = YES;
				CLANG_WARN_INFINITE_RECURSION = YES;
				CLANG_WARN_INT_CONVERSION = YES;
				CLANG_WARN_NON_LITERAL_NULL_CONVERSION = YES;
				CLANG_WARN_OBJC_IMPLICIT_RETAIN_SELF = YES;
				CLANG_WARN_OBJC_LITERAL_CONVERSION = YES;
				CLANG_WARN_OBJC_ROOT_CLASS = YES_ERROR;
				CLANG_WARN_QUOTED_INCLUDE_IN_FRAMEWORK_HEADER = YES;
				CLANG_WARN_RANGE_LOOP_ANALYSIS = YES;
				CLANG_WARN_STRICT_PROTOTYPES = YES;
				CLANG_WARN_SUSPICIOUS_MOVE = YES;
				CLANG_WARN_UNGUARDED_AVAILABILITY = YES_AGGRESSIVE;
				CLANG_WARN_UNREACHABLE_CODE = YES;
				CLANG_WARN__DUPLICATE_METHOD_MATCH = YES;
				COPY_PHASE_STRIP = NO;
				DEBUG_INFORMATION_FORMAT = "dwarf-with-dsym";
				ENABLE_NS_ASSERTIONS = NO;
				ENABLE_STRICT_OBJC_MSGSEND = YES;
				GCC_C_LANGUAGE_STANDARD = gnu11;
				GCC_NO_COMMON_BLOCKS = YES;
				GCC_WARN_64_TO_32_BIT_CONVERSION = YES;
				GCC_WARN_ABOUT_RETURN_TYPE = YES_ERROR;
				GCC_WARN_UNDECLARED_SELECTOR = YES;
				GCC_WARN_UNINITIALIZED_AUTOS = YES_AGGRESSIVE;
				GCC_WARN_UNUSED_FUNCTION = YES;
				GCC_WARN_UNUSED_VARIABLE = YES;
				IPHONEOS_DEPLOYMENT_TARGET = 14.5;
				MTL_ENABLE_DEBUG_INFO = NO;
				MTL_FAST_MATH = YES;
				SDKROOT = iphoneos;
				SWIFT_COMPILATION_MODE = wholemodule;
				SWIFT_OPTIMIZATION_LEVEL = "-O";
				VALIDATE_PRODUCT = YES;
			};
			name = Release;
		};
		72C4AAA626BEDC0A004F3DE3 /* Debug */ = {
			isa = XCBuildConfiguration;
			buildSettings = {
				ASSETCATALOG_COMPILER_APPICON_NAME = AppIcon;
				ASSETCATALOG_COMPILER_GLOBAL_ACCENT_COLOR_NAME = AccentColor;
				CODE_SIGN_STYLE = Automatic;
				INFOPLIST_FILE = Boiled_Egg_Timer/Info.plist;
				LD_RUNPATH_SEARCH_PATHS = (
					"$(inherited)",
					"@executable_path/Frameworks",
				);
				PRODUCT_BUNDLE_IDENTIFIER = "com.example1.Boiled-Egg-Timer";
				PRODUCT_NAME = "$(TARGET_NAME)";
				SWIFT_VERSION = 5.0;
				TARGETED_DEVICE_FAMILY = "1,2";
			};
			name = Debug;
		};
		72C4AAA726BEDC0A004F3DE3 /* Release */ = {
			isa = XCBuildConfiguration;
			buildSettings = {
				ASSETCATALOG_COMPILER_APPICON_NAME = AppIcon;
				ASSETCATALOG_COMPILER_GLOBAL_ACCENT_COLOR_NAME = AccentColor;
				CODE_SIGN_STYLE = Automatic;
				INFOPLIST_FILE = Boiled_Egg_Timer/Info.plist;
				LD_RUNPATH_SEARCH_PATHS = (
					"$(inherited)",
					"@executable_path/Frameworks",
				);
				PRODUCT_BUNDLE_IDENTIFIER = "com.example1.Boiled-Egg-Timer";
				PRODUCT_NAME = "$(TARGET_NAME)";
				SWIFT_VERSION = 5.0;
				TARGETED_DEVICE_FAMILY = "1,2";
			};
			name = Release;
		};
/* End XCBuildConfiguration section */

/* Begin XCConfigurationList section */
		72C4AA8C26BEDC09004F3DE3 /* Build configuration list for PBXProject "Boiled_Egg_Timer" */ = {
			isa = XCConfigurationList;
			buildConfigurations = (
				72C4AAA326BEDC0A004F3DE3 /* Debug */,
				72C4AAA426BEDC0A004F3DE3 /* Release */,
			);
			defaultConfigurationIsVisible = 0;
			defaultConfigurationName = Release;
		};
		72C4AAA526BEDC0A004F3DE3 /* Build configuration list for PBXNativeTarget "Boiled_Egg_Timer" */ = {
			isa = XCConfigurationList;
			buildConfigurations = (
				72C4AAA626BEDC0A004F3DE3 /* Debug */,
				72C4AAA726BEDC0A004F3DE3 /* Release */,
			);
			defaultConfigurationIsVisible = 0;
			defaultConfigurationName = Release;
		};
/* End XCConfigurationList section */
	};
	rootObject = 72C4AA8926BEDC09004F3DE3 /* Project object */;
}
